
Microsoft Visual Studio Solution File, Format Version 12.00
# Visual Studio Version 16
VisualStudioVersion = 16.0.30413.136
MinimumVisualStudioVersion = 15.0.26124.0
Project("{2150E333-8FDC-42A3-9474-1A3956D46DE8}") = "src", "src", "{1BD859A6-FEDE-41D6-898B-159C604C3941}"
EndProject
Project("{9A19103F-16F7-4668-BE54-9A1E7A4F7556}") = "IdentityServer", "src\IdentityServer\IdentityServer.csproj", "{8EB0BF54-9EAB-4B28-BF29-09597DAD2DF3}"
EndProject
Project("{9A19103F-16F7-4668-BE54-9A1E7A4F7556}") = "Api", "src\Api\Api.csproj", "{96E9D8BC-A0A3-4DE6-93C1-49EA08463872}"
EndProject
Project("{9A19103F-16F7-4668-BE54-9A1E7A4F7556}") = "Client", "src\Client\Client.csproj", "{DD69C8BC-F7B0-4496-933E-2D823879D43E}"
EndProject
Global
	GlobalSection(SolutionConfigurationPlatforms) = preSolution
		Debug|Any CPU = Debug|Any CPU
		Debug|x64 = Debug|x64
		Debug|x86 = Debug|x86
		Release|Any CPU = Release|Any CPU
		Release|x64 = Release|x64
		Release|x86 = Release|x86
	EndGlobalSection
	GlobalSection(ProjectConfigurationPlatforms) = postSolution
		{8EB0BF54-9EAB-4B28-BF29-09597DAD2DF3}.Debug|Any CPU.ActiveCfg = Debug|Any CPU
		{8EB0BF54-9EAB-4B28-BF29-09597DAD2DF3}.Debug|Any CPU.Build.0 = Debug|Any CPU
		{8EB0BF54-9EAB-4B28-BF29-09597DAD2DF3}.Debug|x64.ActiveCfg = Debug|Any CPU
		{8EB0BF54-9EAB-4B28-BF29-09597DAD2DF3}.Debug|x64.Build.0 = Debug|Any CPU
		{8EB0BF54-9EAB-4B28-BF29-09597DAD2DF3}.Debug|x86.ActiveCfg = Debug|Any CPU
		{8EB0BF54-9EAB-4B28-BF29-09597DAD2DF3}.Debug|x86.Build.0 = Debug|Any CPU
		{8EB0BF54-9EAB-4B28-BF29-09597DAD2DF3}.Release|Any CPU.ActiveCfg = Release|Any CPU
		{8EB0BF54-9EAB-4B28-BF29-09597DAD2DF3}.Release|Any CPU.Build.0 = Release|Any CPU
		{8EB0BF54-9EAB-4B28-BF29-09597DAD2DF3}.Release|x64.ActiveCfg = Release|Any CPU
		{8EB0BF54-9EAB-4B28-BF29-09597DAD2DF3}.Release|x64.Build.0 = Release|Any CPU
		{8EB0BF54-9EAB-4B28-BF29-09597DAD2DF3}.Release|x86.ActiveCfg = Release|Any CPU
		{8EB0BF54-9EAB-4B28-BF29-09597DAD2DF3}.Release|x86.Build.0 = Release|Any CPU
		{96E9D8BC-A0A3-4DE6-93C1-49EA08463872}.Debug|Any CPU.ActiveCfg = Debug|Any CPU
		{96E9D8BC-A0A3-4DE6-93C1-49EA08463872}.Debug|Any CPU.Build.0 = Debug|Any CPU
		{96E9D8BC-A0A3-4DE6-93C1-49EA08463872}.Debug|x64.ActiveCfg = Debug|Any CPU
		{96E9D8BC-A0A3-4DE6-93C1-49EA08463872}.Debug|x64.Build.0 = Debug|Any CPU
		{96E9D8BC-A0A3-4DE6-93C1-49EA08463872}.Debug|x86.ActiveCfg = Debug|Any CPU
		{96E9D8BC-A0A3-4DE6-93C1-49EA08463872}.Debug|x86.Build.0 = Debug|Any CPU
		{96E9D8BC-A0A3-4DE6-93C1-49EA08463872}.Release|Any CPU.ActiveCfg = Release|Any CPU
		{96E9D8BC-A0A3-4DE6-93C1-49EA08463872}.Release|Any CPU.Build.0 = Release|Any CPU
		{96E9D8BC-A0A3-4DE6-93C1-49EA08463872}.Release|x64.ActiveCfg = Release|Any CPU
		{96E9D8BC-A0A3-4DE6-93C1-49EA08463872}.Release|x64.Build.0 = Release|Any CPU
		{96E9D8BC-A0A3-4DE6-93C1-49EA08463872}.Release|x86.ActiveCfg = Release|Any CPU
		{96E9D8BC-A0A3-4DE6-93C1-49EA08463872}.Release|x86.Build.0 = Release|Any CPU
		{DD69C8BC-F7B0-4496-933E-2D823879D43E}.Debug|Any CPU.ActiveCfg = Debug|Any CPU
		{DD69C8BC-F7B0-4496-933E-2D823879D43E}.Debug|Any CPU.Build.0 = Debug|Any CPU
		{DD69C8BC-F7B0-4496-933E-2D823879D43E}.Debug|x64.ActiveCfg = Debug|Any CPU
		{DD69C8BC-F7B0-4496-933E-2D823879D43E}.Debug|x64.Build.0 = Debug|Any CPU
		{DD69C8BC-F7B0-4496-933E-2D823879D43E}.Debug|x86.ActiveCfg = Debug|Any CPU
		{DD69C8BC-F7B0-4496-933E-2D823879D43E}.Debug|x86.Build.0 = Debug|Any CPU
		{DD69C8BC-F7B0-4496-933E-2D823879D43E}.Release|Any CPU.ActiveCfg = Release|Any CPU
		{DD69C8BC-F7B0-4496-933E-2D823879D43E}.Release|Any CPU.Build.0 = Release|Any CPU
		{DD69C8BC-F7B0-4496-933E-2D823879D43E}.Release|x64.ActiveCfg = Release|Any CPU
		{DD69C8BC-F7B0-4496-933E-2D823879D43E}.Release|x64.Build.0 = Release|Any CPU
		{DD69C8BC-F7B0-4496-933E-2D823879D43E}.Release|x86.ActiveCfg = Release|Any CPU
		{DD69C8BC-F7B0-4496-933E-2D823879D43E}.Release|x86.Build.0 = Release|Any CPU
	EndGlobalSection
	GlobalSection(SolutionProperties) = preSolution
		HideSolutionNode = FALSE
	EndGlobalSection
	GlobalSection(NestedProjects) = preSolution
		{8EB0BF54-9EAB-4B28-BF29-09597DAD2DF3} = {1BD859A6-FEDE-41D6-898B-159C604C3941}
		{96E9D8BC-A0A3-4DE6-93C1-49EA08463872} = {1BD859A6-FEDE-41D6-898B-159C604C3941}
		{DD69C8BC-F7B0-4496-933E-2D823879D43E} = {1BD859A6-FEDE-41D6-898B-159C604C3941}
	EndGlobalSection
	GlobalSection(ExtensibilityGlobals) = postSolution
		SolutionGuid = {17581F88-B10A-40AC-A600-159F491F9958}
	EndGlobalSection
EndGlobal
